{
  "R": {
    "Version": "4.2.2",
    "Repositories": [
      {
        "Name": "CRAN",
        "URL": "https://cloud.r-project.org"
      }
    ]
  },
  "Packages": {
    "MASS": {
      "Package": "MASS",
      "Version": "7.3-58.2",
      "Source": "Repository",
      "Repository": "CRAN",
      "Hash": "e02d1a0f6122fd3e634b25b433704344",
      "Requirements": []
    },
    "Rcpp": {
      "Package": "Rcpp",
      "Version": "1.0.10",
      "Source": "Repository",
      "Repository": "CRAN",
      "Hash": "e749cae40fa9ef469b6050959517453c",
      "Requirements": []
    },
    "RcppArmadillo": {
      "Package": "RcppArmadillo",
      "Version": "0.11.4.3.1",
      "Source": "Repository",
      "Repository": "CRAN",
      "Hash": "836c1aeec6a7a2b28273bd42a0511a9e",
      "Requirements": [
        "Rcpp"
      ]
    },
    "ade4": {
      "Package": "ade4",
      "Version": "1.7-22",
      "Source": "Repository",
      "Repository": "CRAN",
      "Hash": "9768be866e8e02810e94ceb95b32b367",
      "Requirements": [
        "MASS",
        "Rcpp",
        "RcppArmadillo",
        "pixmap",
        "sp"
      ]
    },
    "argparser": {
      "Package": "argparser",
      "Version": "0.7.1",
      "Source": "Repository",
      "Repository": "CRAN",
      "Hash": "ef22bb1e708cb17be24197f9d85ff481",
      "Requirements": []
    },
    "lattice": {
      "Package": "lattice",
      "Version": "0.20-45",
      "Source": "Repository",
      "Repository": "CRAN",
      "Hash": "b64cdbb2b340437c4ee047a1f4c4377b",
      "Requirements": []
    },
    "nlme": {
      "Package": "nlme",
      "Version": "3.1-162",
      "Source": "Repository",
      "Repository": "CRAN",
      "Hash": "0984ce8da8da9ead8643c5cbbb60f83e",
      "Requirements": [
        "lattice"
      ]
    },
    "pixmap": {
      "Package": "pixmap",
      "Version": "0.4-12",
      "Source": "Repository",
      "Repository": "CRAN",
      "Hash": "ff0e0b97265ced0db4d13d0005334d78",
      "Requirements": []
    },
    "renv": {
      "Package": "renv",
      "Version": "0.16.0",
      "Source": "Repository",
      "Repository": "CRAN",
      "Hash": "c9e8442ab69bc21c9697ecf856c1e6c7",
      "Requirements": []
    },
    "segmented": {
      "Package": "segmented",
      "Version": "1.6-2",
      "Source": "Repository",
      "Repository": "CRAN",
      "Hash": "71e3e3fc55f0af635b6f7e7f796e2e42",
      "Requirements": [
        "MASS",
        "nlme"
      ]
    },
    "seqinr": {
      "Package": "seqinr",
      "Version": "4.2-23",
      "Source": "Repository",
      "Repository": "CRAN",
      "Hash": "4207f2e926caacc6c7d6dd32ddddc394",
      "Requirements": [
        "ade4",
        "segmented"
      ]
    },
    "sp": {
      "Package": "sp",
      "Version": "1.6-0",
      "Source": "Repository",
      "Repository": "CRAN",
      "Hash": "6674e075a078d9c3bde8ba800367347c",
      "Requirements": [
        "lattice"
      ]
    }
  }
}
